
Microsoft Visual Studio Solution File, Format Version 12.00
# Visual Studio Version 17
VisualStudioVersion = 17.14.37314.3
MinimumVisualStudioVersion = 10.0.40219.1
Project("{FAE04EC0-301F-11D3-BF4B-00C04F79EFBC}") = "Private Transport Cleaning", "Private Transport Cleaning\Private Transport Cleaning.csproj", "{F16869AB-E8D0-40E6-B33B-D4611219298B}"
EndProject
Global
	GlobalSection(SolutionConfigurationPlatforms) = preSolution
		Debug|Any CPU = Debug|Any CPU
		Release|Any CPU = Release|Any CPU
	EndGlobalSection
	GlobalSection(ProjectConfigurationPlatforms) = postSolution
		{F16869AB-E8D0-40E6-B33B-D4611219298B}.Debug|Any CPU.ActiveCfg = Debug|Any CPU
		{F16869AB-E8D0-40E6-B33B-D4611219298B}.Debug|Any CPU.Build.0 = Debug|Any CPU
		{F16869AB-E8D0-40E6-B33B-D4611219298B}.Release|Any CPU.ActiveCfg = Release|Any CPU
		{F16869AB-E8D0-40E6-B33B-D4611219298B}.Release|Any CPU.Build.0 = Release|Any CPU
	EndGlobalSection
	GlobalSection(SolutionProperties) = preSolution
		HideSolutionNode = FALSE
	EndGlobalSection
	GlobalSection(ExtensibilityGlobals) = postSolution
		SolutionGuid = {740A16F6-060D-4B1D-90CF-B5D5D78D8904}
	EndGlobalSection
EndGlobal
